
Microsoft Visual Studio Solution File, Format Version 12.00
# Visual Studio Version 16
VisualStudioVersion = 16.0.32126.315
MinimumVisualStudioVersion = 10.0.40219.1
Project("{FAE04EC0-301F-11D3-BF4B-00C04F79EFBC}") = "ProjetoFinanceiro.Web", "ProjetoFinanceiro.Web\ProjetoFinanceiro.Web.csproj", "{3CCC97B1-6500-47E3-B645-D29519FE4F93}"
EndProject
Project("{FAE04EC0-301F-11D3-BF4B-00C04F79EFBC}") = "ProjetoFinanceiro.Api", "ProjetoFinanceiro.Api\ProjetoFinanceiro.Api.csproj", "{94C40397-1EC5-4384-9479-4DB56D45D5BE}"
EndProject
Project("{FAE04EC0-301F-11D3-BF4B-00C04F79EFBC}") = "ProjetoFinanceiro.Domain", "ProjetoFinanceiro.Domain\ProjetoFinanceiro.Domain.csproj", "{55B8A313-BCD2-449C-8217-D82F25139169}"
EndProject
Project("{FAE04EC0-301F-11D3-BF4B-00C04F79EFBC}") = "ProjetoFinanceiro.Infrastructure", "ProjetoFinanceiro.Infrastructure\ProjetoFinanceiro.Infrastructure.csproj", "{D2E77837-B775-4A4F-9C9F-8433D68AB284}"
EndProject
Project("{FAE04EC0-301F-11D3-BF4B-00C04F79EFBC}") = "ProjetoFinanceiro.Services", "ProjetoFinanceiro.Services\ProjetoFinanceiro.Services.csproj", "{C292EE17-5FED-42B0-8CB2-73D03FFDCE27}"
EndProject
Global
	GlobalSection(SolutionConfigurationPlatforms) = preSolution
		Debug|Any CPU = Debug|Any CPU
		Release|Any CPU = Release|Any CPU
	EndGlobalSection
	GlobalSection(ProjectConfigurationPlatforms) = postSolution
		{3CCC97B1-6500-47E3-B645-D29519FE4F93}.Debug|Any CPU.ActiveCfg = Debug|Any CPU
		{3CCC97B1-6500-47E3-B645-D29519FE4F93}.Debug|Any CPU.Build.0 = Debug|Any CPU
		{3CCC97B1-6500-47E3-B645-D29519FE4F93}.Release|Any CPU.ActiveCfg = Release|Any CPU
		{3CCC97B1-6500-47E3-B645-D29519FE4F93}.Release|Any CPU.Build.0 = Release|Any CPU
		{94C40397-1EC5-4384-9479-4DB56D45D5BE}.Debug|Any CPU.ActiveCfg = Debug|Any CPU
		{94C40397-1EC5-4384-9479-4DB56D45D5BE}.Debug|Any CPU.Build.0 = Debug|Any CPU
		{94C40397-1EC5-4384-9479-4DB56D45D5BE}.Release|Any CPU.ActiveCfg = Release|Any CPU
		{94C40397-1EC5-4384-9479-4DB56D45D5BE}.Release|Any CPU.Build.0 = Release|Any CPU
		{55B8A313-BCD2-449C-8217-D82F25139169}.Debug|Any CPU.ActiveCfg = Debug|Any CPU
		{55B8A313-BCD2-449C-8217-D82F25139169}.Debug|Any CPU.Build.0 = Debug|Any CPU
		{55B8A313-BCD2-449C-8217-D82F25139169}.Release|Any CPU.ActiveCfg = Release|Any CPU
		{55B8A313-BCD2-449C-8217-D82F25139169}.Release|Any CPU.Build.0 = Release|Any CPU
		{D2E77837-B775-4A4F-9C9F-8433D68AB284}.Debug|Any CPU.ActiveCfg = Debug|Any CPU
		{D2E77837-B775-4A4F-9C9F-8433D68AB284}.Debug|Any CPU.Build.0 = Debug|Any CPU
		{D2E77837-B775-4A4F-9C9F-8433D68AB284}.Release|Any CPU.ActiveCfg = Release|Any CPU
		{D2E77837-B775-4A4F-9C9F-8433D68AB284}.Release|Any CPU.Build.0 = Release|Any CPU
		{C292EE17-5FED-42B0-8CB2-73D03FFDCE27}.Debug|Any CPU.ActiveCfg = Debug|Any CPU
		{C292EE17-5FED-42B0-8CB2-73D03FFDCE27}.Debug|Any CPU.Build.0 = Debug|Any CPU
		{C292EE17-5FED-42B0-8CB2-73D03FFDCE27}.Release|Any CPU.ActiveCfg = Release|Any CPU
		{C292EE17-5FED-42B0-8CB2-73D03FFDCE27}.Release|Any CPU.Build.0 = Release|Any CPU
	EndGlobalSection
	GlobalSection(SolutionProperties) = preSolution
		HideSolutionNode = FALSE
	EndGlobalSection
	GlobalSection(ExtensibilityGlobals) = postSolution
		SolutionGuid = {523D0AF8-BB1F-437E-80CA-6B5360C50A90}
	EndGlobalSection
EndGlobal
